// !$*UTF8*$!
{
	archiveVersion = 1;
	classes = {
	};
	objectVersion = 77;
	objects = {

/* Begin PBXContainerItemProxy section */
		DBFB75D12D95261D0020BDAA /* PBXContainerItemProxy */ = {
			isa = PBXContainerItemProxy;
			containerPortal = DBFB75B82D95261C0020BDAA /* Project object */;
			proxyType = 1;
			remoteGlobalIDString = DBFB75BF2D95261C0020BDAA;
			remoteInfo = PencilKitApp;
		};
		DBFB75DB2D95261D0020BDAA /* PBXContainerItemProxy */ = {
			isa = PBXContainerItemProxy;
			containerPortal = DBFB75B82D95261C0020BDAA /* Project object */;
			proxyType = 1;
			remoteGlobalIDString = DBFB75BF2D95261C0020BDAA;
			remoteInfo = PencilKitApp;
		};
/* End PBXContainerItemProxy section */

/* Begin PBXFileReference section */
		DBFB75C02D95261C0020BDAA /* PencilKitApp.app */ = {isa = PBXFileReference; explicitFileType = wrapper.application; includeInIndex = 0; path = PencilKitApp.app; sourceTree = BUILT_PRODUCTS_DIR; };
		DBFB75D02D95261D0020BDAA /* PencilKitAppTests.xctest */ = {isa = PBXFileReference; explicitFileType = wrapper.cfbundle; includeInIndex = 0; path = PencilKitAppTests.xctest; sourceTree = BUILT_PRODUCTS_DIR; };
		DBFB75DA2D95261D0020BDAA /* PencilKitAppUITests.xctest */ = {isa = PBXFileReference; explicitFileType = wrapper.cfbundle; includeInIndex = 0; path = PencilKitAppUITests.xctest; sourceTree = BUILT_PRODUCTS_DIR; };
/* End PBXFileReference section */

/* Begin PBXFileSystemSynchronizedRootGroup section */
		DBFB75C22D95261C0020BDAA /* PencilKitApp */ = {
			isa = PBXFileSystemSynchronizedRootGroup;
			path = PencilKitApp;
			sourceTree = "<group>";
		};
		DBFB75D32D95261D0020BDAA /* PencilKitAppTests */ = {
			isa = PBXFileSystemSynchronizedRootGroup;
			path = PencilKitAppTests;
			sourceTree = "<group>";
		};
		DBFB75DD2D95261D0020BDAA /* PencilKitAppUITests */ = {
			isa = PBXFileSystemSynchronizedRootGroup;
			path = PencilKitAppUITests;
			sourceTree = "<group>";
		};
/* End PBXFileSystemSynchronizedRootGroup section */

/* Begin PBXFrameworksBuildPhase section */
		DBFB75BD2D95261C0020BDAA /* Frameworks */ = {
			isa = PBXFrameworksBuildPhase;
			buildActionMask = 2147483647;
			files = (
			);
			runOnlyForDeploymentPostprocessing = 0;
		};
		DBFB75CD2D95261D0020BDAA /* Frameworks */ = {
			isa = PBXFrameworksBuildPhase;
			buildActionMask = 2147483647;
			files = (
			);
			runOnlyForDeploymentPostprocessing = 0;
		};
		DBFB75D72D95261D0020BDAA /* Frameworks */ = {
			isa = PBXFrameworksBuildPhase;
			buildActionMask = 2147483647;
			files = (
			);
			runOnlyForDeploymentPostprocessing = 0;
		};
/* End PBXFrameworksBuildPhase section */

/* Begin PBXGroup section */
		DBFB75B72D95261C0020BDAA = {
			isa = PBXGroup;
			children = (
				DBFB75C22D95261C0020BDAA /* PencilKitApp */,
				DBFB75D32D95261D0020BDAA /* PencilKitAppTests */,
				DBFB75DD2D95261D0020BDAA /* PencilKitAppUITests */,
				DBFB75C12D95261C0020BDAA /* Products */,
			);
			sourceTree = "<group>";
		};
		DBFB75C12D95261C0020BDAA /* Products */ = {
			isa = PBXGroup;
			children = (
				DBFB75C02D95261C0020BDAA /* PencilKitApp.app */,
				DBFB75D02D95261D0020BDAA /* PencilKitAppTests.xctest */,
				DBFB75DA2D95261D0020BDAA /* PencilKitAppUITests.xctest */,
			);
			name = Products;
			sourceTree = "<group>";
		};
/* End PBXGroup section */

/* Begin PBXNativeTarget section */
		DBFB75BF2D95261C0020BDAA /* PencilKitApp */ = {
			isa = PBXNativeTarget;
			buildConfigurationList = DBFB75E42D95261D0020BDAA /* Build configuration list for PBXNativeTarget "PencilKitApp" */;
			buildPhases = (
				DBFB75BC2D95261C0020BDAA /* Sources */,
				DBFB75BD2D95261C0020BDAA /* Frameworks */,
				DBFB75BE2D95261C0020BDAA /* Resources */,
			);
			buildRules = (
			);
			dependencies = (
			);
			fileSystemSynchronizedGroups = (
				DBFB75C22D95261C0020BDAA /* PencilKitApp */,
			);
			name = PencilKitApp;
			packageProductDependencies = (
			);
			productName = PencilKitApp;
			productReference = DBFB75C02D95261C0020BDAA /* PencilKitApp.app */;
			productType = "com.apple.product-type.application";
		};
		DBFB75CF2D95261D0020BDAA /* PencilKitAppTests */ = {
			isa = PBXNativeTarget;
			buildConfigurationList = DBFB75E72D95261D0020BDAA /* Build configuration list for PBXNativeTarget "PencilKitAppTests" */;
			buildPhases = (
				DBFB75CC2D95261D0020BDAA /* Sources */,
				DBFB75CD2D95261D0020BDAA /* Frameworks */,
				DBFB75CE2D95261D0020BDAA /* Resources */,
			);
			buildRules = (
			);
			dependencies = (
				DBFB75D22D95261D0020BDAA /* PBXTargetDependency */,
			);
			fileSystemSynchronizedGroups = (
				DBFB75D32D95261D0020BDAA /* PencilKitAppTests */,
			);
			name = PencilKitAppTests;
			packageProductDependencies = (
			);
			productName = PencilKitAppTests;
			productReference = DBFB75D02D95261D0020BDAA /* PencilKitAppTests.xctest */;
			productType = "com.apple.product-type.bundle.unit-test";
		};
		DBFB75D92D95261D0020BDAA /* PencilKitAppUITests */ = {
			isa = PBXNativeTarget;
			buildConfigurationList = DBFB75EA2D95261D0020BDAA /* Build configuration list for PBXNativeTarget "PencilKitAppUITests" */;
			buildPhases = (
				DBFB75D62D95261D0020BDAA /* Sources */,
				DBFB75D72D95261D0020BDAA /* Frameworks */,
				DBFB75D82D95261D0020BDAA /* Resources */,
			);
			buildRules = (
			);
			dependencies = (
				DBFB75DC2D95261D0020BDAA /* PBXTargetDependency */,
			);
			fileSystemSynchronizedGroups = (
				DBFB75DD2D95261D0020BDAA /* PencilKitAppUITests */,
			);
			name = PencilKitAppUITests;
			packageProductDependencies = (
			);
			productName = PencilKitAppUITests;
			productReference = DBFB75DA2D95261D0020BDAA /* PencilKitAppUITests.xctest */;
			productType = "com.apple.product-type.bundle.ui-testing";
		};
/* End PBXNativeTarget section */

/* Begin PBXProject section */
		DBFB75B82D95261C0020BDAA /* Project object */ = {
			isa = PBXProject;
			attributes = {
				BuildIndependentTargetsInParallel = 1;
				LastSwiftUpdateCheck = 1600;
				LastUpgradeCheck = 1600;
				TargetAttributes = {
					DBFB75BF2D95261C0020BDAA = {
						CreatedOnToolsVersion = 16.0;
					};
					DBFB75CF2D95261D0020BDAA = {
						CreatedOnToolsVersion = 16.0;
						TestTargetID = DBFB75BF2D95261C0020BDAA;
					};
					DBFB75D92D95261D0020BDAA = {
						CreatedOnToolsVersion = 16.0;
						TestTargetID = DBFB75BF2D95261C0020BDAA;
					};
				};
			};
			buildConfigurationList = DBFB75BB2D95261C0020BDAA /* Build configuration list for PBXProject "PencilKitApp" */;
			developmentRegion = en;
			hasScannedForEncodings = 0;
			knownRegions = (
				en,
				Base,
			);
			mainGroup = DBFB75B72D95261C0020BDAA;
			minimizedProjectReferenceProxies = 1;
			preferredProjectObjectVersion = 77;
			productRefGroup = DBFB75C12D95261C0020BDAA /* Products */;
			projectDirPath = "";
			projectRoot = "";
			targets = (
				DBFB75BF2D95261C0020BDAA /* PencilKitApp */,
				DBFB75CF2D95261D0020BDAA /* PencilKitAppTests */,
				DBFB75D92D95261D0020BDAA /* PencilKitAppUITests */,
			);
		};
/* End PBXProject section */

/* Begin PBXResourcesBuildPhase section */
		DBFB75BE2D95261C0020BDAA /* Resources */ = {
			isa = PBXResourcesBuildPhase;
			buildActionMask = 2147483647;
			files = (
			);
			runOnlyForDeploymentPostprocessing = 0;
		};
		DBFB75CE2D95261D0020BDAA /* Resources */ = {
			isa = PBXResourcesBuildPhase;
			buildActionMask = 2147483647;
			files = (
			);
			runOnlyForDeploymentPostprocessing = 0;
		};
		DBFB75D82D95261D0020BDAA /* Resources */ = {
			isa = PBXResourcesBuildPhase;
			buildActionMask = 2147483647;
			files = (
			);
			runOnlyForDeploymentPostprocessing = 0;
		};
/* End PBXResourcesBuildPhase section */

/* Begin PBXSourcesBuildPhase section */
		DBFB75BC2D95261C0020BDAA /* Sources */ = {
			isa = PBXSourcesBuildPhase;
			buildActionMask = 2147483647;
			files = (
			);
			runOnlyForDeploymentPostprocessing = 0;
		};
		DBFB75CC2D95261D0020BDAA /* Sources */ = {
			isa = PBXSourcesBuildPhase;
			buildActionMask = 2147483647;
			files = (
			);
			runOnlyForDeploymentPostprocessing = 0;
		};
		DBFB75D62D95261D0020BDAA /* Sources */ = {
			isa = PBXSourcesBuildPhase;
			buildActionMask = 2147483647;
			files = (
			);
			runOnlyForDeploymentPostprocessing = 0;
		};
/* End PBXSourcesBuildPhase section */

/* Begin PBXTargetDependency section */
		DBFB75D22D95261D0020BDAA /* PBXTargetDependency */ = {
			isa = PBXTargetDependency;
			target = DBFB75BF2D95261C0020BDAA /* PencilKitApp */;
			targetProxy = DBFB75D12D95261D0020BDAA /* PBXContainerItemProxy */;
		};
		DBFB75DC2D95261D0020BDAA /* PBXTargetDependency */ = {
			isa = PBXTargetDependency;
			target = DBFB75BF2D95261C0020BDAA /* PencilKitApp */;
			targetProxy = DBFB75DB2D95261D0020BDAA /* PBXContainerItemProxy */;
		};
/* End PBXTargetDependency section */

/* Begin XCBuildConfiguration section */
		DBFB75E22D95261D0020BDAA /* Debug */ = {
			isa = XCBuildConfiguration;
			buildSettings = {
				ALWAYS_SEARCH_USER_PATHS = NO;
				ASSETCATALOG_COMPILER_GENERATE_SWIFT_ASSET_SYMBOL_EXTENSIONS = YES;
				CLANG_ANALYZER_NONNULL = YES;
				CLANG_ANALYZER_NUMBER_OBJECT_CONVERSION = YES_AGGRESSIVE;
				CLANG_CXX_LANGUAGE_STANDARD = "gnu++20";
				CLANG_ENABLE_MODULES = YES;
				CLANG_ENABLE_OBJC_ARC = YES;
				CLANG_ENABLE_OBJC_WEAK = YES;
				CLANG_WARN_BLOCK_CAPTURE_AUTORELEASING = YES;
				CLANG_WARN_BOOL_CONVERSION = YES;
				CLANG_WARN_COMMA = YES;
				CLANG_WARN_CONSTANT_CONVERSION = YES;
				CLANG_WARN_DEPRECATED_OBJC_IMPLEMENTATIONS = YES;
				CLANG_WARN_DIRECT_OBJC_ISA_USAGE = YES_ERROR;
				CLANG_WARN_DOCUMENTATION_COMMENTS = YES;
				CLANG_WARN_EMPTY_BODY = YES;
				CLANG_WARN_ENUM_CONVERSION = YES;
				CLANG_WARN_INFINITE_RECURSION = YES;
				CLANG_WARN_INT_CONVERSION = YES;
				CLANG_WARN_NON_LITERAL_NULL_CONVERSION = YES;
				CLANG_WARN_OBJC_IMPLICIT_RETAIN_SELF = YES;
				CLANG_WARN_OBJC_LITERAL_CONVERSION = YES;
				CLANG_WARN_OBJC_ROOT_CLASS = YES_ERROR;
				CLANG_WARN_QUOTED_INCLUDE_IN_FRAMEWORK_HEADER = YES;
				CLANG_WARN_RANGE_LOOP_ANALYSIS = YES;
				CLANG_WARN_STRICT_PROTOTYPES = YES;
				CLANG_WARN_SUSPICIOUS_MOVE = YES;
				CLANG_WARN_UNGUARDED_AVAILABILITY = YES_AGGRESSIVE;
				CLANG_WARN_UNREACHABLE_CODE = YES;
				CLANG_WARN__DUPLICATE_METHOD_MATCH = YES;
				COPY_PHASE_STRIP = NO;
				DEBUG_INFORMATION_FORMAT = dwarf;
				ENABLE_STRICT_OBJC_MSGSEND = YES;
				ENABLE_TESTABILITY = YES;
				ENABLE_USER_SCRIPT_SANDBOXING = YES;
				GCC_C_LANGUAGE_STANDARD = gnu17;
				GCC_DYNAMIC_NO_PIC = NO;
				GCC_NO_COMMON_BLOCKS = YES;
				GCC_OPTIMIZATION_LEVEL = 0;
				GCC_PREPROCESSOR_DEFINITIONS = (
					"DEBUG=1",
					"$(inherited)",
				);
				GCC_WARN_64_TO_32_BIT_CONVERSION = YES;
				GCC_WARN_ABOUT_RETURN_TYPE = YES_ERROR;
				GCC_WARN_UNDECLARED_SELECTOR = YES;
				GCC_WARN_UNINITIALIZED_AUTOS = YES_AGGRESSIVE;
				GCC_WARN_UNUSED_FUNCTION = YES;
				GCC_WARN_UNUSED_VARIABLE = YES;
				IPHONEOS_DEPLOYMENT_TARGET = 18.0;
				LOCALIZATION_PREFERS_STRING_CATALOGS = YES;
				MTL_ENABLE_DEBUG_INFO = INCLUDE_SOURCE;
				MTL_FAST_MATH = YES;
				ONLY_ACTIVE_ARCH = YES;
				SDKROOT = iphoneos;
				SWIFT_ACTIVE_COMPILATION_CONDITIONS = "DEBUG $(inherited)";
				SWIFT_OPTIMIZATION_LEVEL = "-Onone";
			};
			name = Debug;
		};
		DBFB75E32D95261D0020BDAA /* Release */ = {
			isa = XCBuildConfiguration;
			buildSettings = {
				ALWAYS_SEARCH_USER_PATHS = NO;
				ASSETCATALOG_COMPILER_GENERATE_SWIFT_ASSET_SYMBOL_EXTENSIONS = YES;
				CLANG_ANALYZER_NONNULL = YES;
				CLANG_ANALYZER_NUMBER_OBJECT_CONVERSION = YES_AGGRESSIVE;
				CLANG_CXX_LANGUAGE_STANDARD = "gnu++20";
				CLANG_ENABLE_MODULES = YES;
				CLANG_ENABLE_OBJC_ARC = YES;
				CLANG_ENABLE_OBJC_WEAK = YES;
				CLANG_WARN_BLOCK_CAPTURE_AUTORELEASING = YES;
				CLANG_WARN_BOOL_CONVERSION = YES;
				CLANG_WARN_COMMA = YES;
				CLANG_WARN_CONSTANT_CONVERSION = YES;
				CLANG_WARN_DEPRECATED_OBJC_IMPLEMENTATIONS = YES;
				CLANG_WARN_DIRECT_OBJC_ISA_USAGE = YES_ERROR;
				CLANG_WARN_DOCUMENTATION_COMMENTS = YES;
				CLANG_WARN_EMPTY_BODY = YES;
				CLANG_WARN_ENUM_CONVERSION = YES;
				CLANG_WARN_INFINITE_RECURSION = YES;
				CLANG_WARN_INT_CONVERSION = YES;
				CLANG_WARN_NON_LITERAL_NULL_CONVERSION = YES;
				CLANG_WARN_OBJC_IMPLICIT_RETAIN_SELF = YES;
				CLANG_WARN_OBJC_LITERAL_CONVERSION = YES;
				CLANG_WARN_OBJC_ROOT_CLASS = YES_ERROR;
				CLANG_WARN_QUOTED_INCLUDE_IN_FRAMEWORK_HEADER = YES;
				CLANG_WARN_RANGE_LOOP_ANALYSIS = YES;
				CLANG_WARN_STRICT_PROTOTYPES = YES;
				CLANG_WARN_SUSPICIOUS_MOVE = YES;
				CLANG_WARN_UNGUARDED_AVAILABILITY = YES_AGGRESSIVE;
				CLANG_WARN_UNREACHABLE_CODE = YES;
				CLANG_WARN__DUPLICATE_METHOD_MATCH = YES;
				COPY_PHASE_STRIP = NO;
				DEBUG_INFORMATION_FORMAT = "dwarf-with-dsym";
				ENABLE_NS_ASSERTIONS = NO;
				ENABLE_STRICT_OBJC_MSGSEND = YES;
				ENABLE_USER_SCRIPT_SANDBOXING = YES;
				GCC_C_LANGUAGE_STANDARD = gnu17;
				GCC_NO_COMMON_BLOCKS = YES;
				GCC_WARN_64_TO_32_BIT_CONVERSION = YES;
				GCC_WARN_ABOUT_RETURN_TYPE = YES_ERROR;
				GCC_WARN_UNDECLARED_SELECTOR = YES;
				GCC_WARN_UNINITIALIZED_AUTOS = YES_AGGRESSIVE;
				GCC_WARN_UNUSED_FUNCTION = YES;
				GCC_WARN_UNUSED_VARIABLE = YES;
				IPHONEOS_DEPLOYMENT_TARGET = 18.0;
				LOCALIZATION_PREFERS_STRING_CATALOGS = YES;
				MTL_ENABLE_DEBUG_INFO = NO;
				MTL_FAST_MATH = YES;
				SDKROOT = iphoneos;
				SWIFT_COMPILATION_MODE = wholemodule;
				VALIDATE_PRODUCT = YES;
			};
			name = Release;
		};
		DBFB75E52D95261D0020BDAA /* Debug */ = {
			isa = XCBuildConfiguration;
			buildSettings = {
				ASSETCATALOG_COMPILER_APPICON_NAME = AppIcon;
				ASSETCATALOG_COMPILER_GLOBAL_ACCENT_COLOR_NAME = AccentColor;
				CODE_SIGN_STYLE = Automatic;
				CURRENT_PROJECT_VERSION = 1;
				DEVELOPMENT_ASSET_PATHS = "\"PencilKitApp/Preview Content\"";
				DEVELOPMENT_TEAM = H2HJGXYYBR;
				ENABLE_PREVIEWS = YES;
				GENERATE_INFOPLIST_FILE = YES;
				INFOPLIST_KEY_NSPhotoLibraryAddUsageDescription = "Need access to save drawings";
				INFOPLIST_KEY_UIApplicationSceneManifest_Generation = YES;
				INFOPLIST_KEY_UIApplicationSupportsIndirectInputEvents = YES;
				INFOPLIST_KEY_UILaunchScreen_Generation = YES;
				INFOPLIST_KEY_UISupportedInterfaceOrientations_iPad = "UIInterfaceOrientationPortrait UIInterfaceOrientationPortraitUpsideDown UIInterfaceOrientationLandscapeLeft UIInterfaceOrientationLandscapeRight";
				INFOPLIST_KEY_UISupportedInterfaceOrientations_iPhone = "UIInterfaceOrientationPortrait UIInterfaceOrientationLandscapeLeft UIInterfaceOrientationLandscapeRight";
				LD_RUNPATH_SEARCH_PATHS = (
					"$(inherited)",
					"@executable_path/Frameworks",
				);
				MARKETING_VERSION = 1.0;
				PRODUCT_BUNDLE_IDENTIFIER = "Rohit-Company.PencilKitApp";
				PRODUCT_NAME = "$(TARGET_NAME)";
				SWIFT_EMIT_LOC_STRINGS = YES;
				SWIFT_VERSION = 5.0;
				TARGETED_DEVICE_FAMILY = "1,2";
			};
			name = Debug;
		};
		DBFB75E62D95261D0020BDAA /* Release */ = {
			isa = XCBuildConfiguration;
			buildSettings = {
				ASSETCATALOG_COMPILER_APPICON_NAME = AppIcon;
				ASSETCATALOG_COMPILER_GLOBAL_ACCENT_COLOR_NAME = AccentColor;
				CODE_SIGN_STYLE = Automatic;
				CURRENT_PROJECT_VERSION = 1;
				DEVELOPMENT_ASSET_PATHS = "\"PencilKitApp/Preview Content\"";
				DEVELOPMENT_TEAM = H2HJGXYYBR;
				ENABLE_PREVIEWS = YES;
				GENERATE_INFOPLIST_FILE = YES;
				INFOPLIST_KEY_NSPhotoLibraryAddUsageDescription = "Need access to save drawings";
				INFOPLIST_KEY_UIApplicationSceneManifest_Generation = YES;
				INFOPLIST_KEY_UIApplicationSupportsIndirectInputEvents = YES;
				INFOPLIST_KEY_UILaunchScreen_Generation = YES;
				INFOPLIST_KEY_UISupportedInterfaceOrientations_iPad = "UIInterfaceOrientationPortrait UIInterfaceOrientationPortraitUpsideDown UIInterfaceOrientationLandscapeLeft UIInterfaceOrientationLandscapeRight";
				INFOPLIST_KEY_UISupportedInterfaceOrientations_iPhone = "UIInterfaceOrientationPortrait UIInterfaceOrientationLandscapeLeft UIInterfaceOrientationLandscapeRight";
				LD_RUNPATH_SEARCH_PATHS = (
					"$(inherited)",
					"@executable_path/Frameworks",
				);
				MARKETING_VERSION = 1.0;
				PRODUCT_BUNDLE_IDENTIFIER = "Rohit-Company.PencilKitApp";
				PRODUCT_NAME = "$(TARGET_NAME)";
				SWIFT_EMIT_LOC_STRINGS = YES;
				SWIFT_VERSION = 5.0;
				TARGETED_DEVICE_FAMILY = "1,2";
			};
			name = Release;
		};
		DBFB75E82D95261D0020BDAA /* Debug */ = {
			isa = XCBuildConfiguration;
			buildSettings = {
				BUNDLE_LOADER = "$(TEST_HOST)";
				CODE_SIGN_STYLE = Automatic;
				CURRENT_PROJECT_VERSION = 1;
				DEVELOPMENT_TEAM = H2HJGXYYBR;
				GENERATE_INFOPLIST_FILE = YES;
				IPHONEOS_DEPLOYMENT_TARGET = 18.0;
				MARKETING_VERSION = 1.0;
				PRODUCT_BUNDLE_IDENTIFIER = "Rohit-Company.PencilKitAppTests";
				PRODUCT_NAME = "$(TARGET_NAME)";
				SWIFT_EMIT_LOC_STRINGS = NO;
				SWIFT_VERSION = 5.0;
				TARGETED_DEVICE_FAMILY = "1,2";
				TEST_HOST = "$(BUILT_PRODUCTS_DIR)/PencilKitApp.app/$(BUNDLE_EXECUTABLE_FOLDER_PATH)/PencilKitApp";
			};
			name = Debug;
		};
		DBFB75E92D95261D0020BDAA /* Release */ = {
			isa = XCBuildConfiguration;
			buildSettings = {
				BUNDLE_LOADER = "$(TEST_HOST)";
				CODE_SIGN_STYLE = Automatic;
				CURRENT_PROJECT_VERSION = 1;
				DEVELOPMENT_TEAM = H2HJGXYYBR;
				GENERATE_INFOPLIST_FILE = YES;
				IPHONEOS_DEPLOYMENT_TARGET = 18.0;
				MARKETING_VERSION = 1.0;
				PRODUCT_BUNDLE_IDENTIFIER = "Rohit-Company.PencilKitAppTests";
				PRODUCT_NAME = "$(TARGET_NAME)";
				SWIFT_EMIT_LOC_STRINGS = NO;
				SWIFT_VERSION = 5.0;
				TARGETED_DEVICE_FAMILY = "1,2";
				TEST_HOST = "$(BUILT_PRODUCTS_DIR)/PencilKitApp.app/$(BUNDLE_EXECUTABLE_FOLDER_PATH)/PencilKitApp";
			};
			name = Release;
		};
		DBFB75EB2D95261D0020BDAA /* Debug */ = {
			isa = XCBuildConfiguration;
			buildSettings = {
				CODE_SIGN_STYLE = Automatic;
				CURRENT_PROJECT_VERSION = 1;
				DEVELOPMENT_TEAM = H2HJGXYYBR;
				GENERATE_INFOPLIST_FILE = YES;
				MARKETING_VERSION = 1.0;
				PRODUCT_BUNDLE_IDENTIFIER = "Rohit-Company.PencilKitAppUITests";
				PRODUCT_NAME = "$(TARGET_NAME)";
				SWIFT_EMIT_LOC_STRINGS = NO;
				SWIFT_VERSION = 5.0;
				TARGETED_DEVICE_FAMILY = "1,2";
				TEST_TARGET_NAME = PencilKitApp;
			};
			name = Debug;
		};
		DBFB75EC2D95261D0020BDAA /* Release */ = {
			isa = XCBuildConfiguration;
			buildSettings = {
				CODE_SIGN_STYLE = Automatic;
				CURRENT_PROJECT_VERSION = 1;
				DEVELOPMENT_TEAM = H2HJGXYYBR;
				GENERATE_INFOPLIST_FILE = YES;
				MARKETING_VERSION = 1.0;
				PRODUCT_BUNDLE_IDENTIFIER = "Rohit-Company.PencilKitAppUITests";
				PRODUCT_NAME = "$(TARGET_NAME)";
				SWIFT_EMIT_LOC_STRINGS = NO;
				SWIFT_VERSION = 5.0;
				TARGETED_DEVICE_FAMILY = "1,2";
				TEST_TARGET_NAME = PencilKitApp;
			};
			name = Release;
		};
/* End XCBuildConfiguration section */

/* Begin XCConfigurationList section */
		DBFB75BB2D95261C0020BDAA /* Build configuration list for PBXProject "PencilKitApp" */ = {
			isa = XCConfigurationList;
			buildConfigurations = (
				DBFB75E22D95261D0020BDAA /* Debug */,
				DBFB75E32D95261D0020BDAA /* Release */,
			);
			defaultConfigurationIsVisible = 0;
			defaultConfigurationName = Release;
		};
		DBFB75E42D95261D0020BDAA /* Build configuration list for PBXNativeTarget "PencilKitApp" */ = {
			isa = XCConfigurationList;
			buildConfigurations = (
				DBFB75E52D95261D0020BDAA /* Debug */,
				DBFB75E62D95261D0020BDAA /* Release */,
			);
			defaultConfigurationIsVisible = 0;
			defaultConfigurationName = Release;
		};
		DBFB75E72D95261D0020BDAA /* Build configuration list for PBXNativeTarget "PencilKitAppTests" */ = {
			isa = XCConfigurationList;
			buildConfigurations = (
				DBFB75E82D95261D0020BDAA /* Debug */,
				DBFB75E92D95261D0020BDAA /* Release */,
			);
			defaultConfigurationIsVisible = 0;
			defaultConfigurationName = Release;
		};
		DBFB75EA2D95261D0020BDAA /* Build configuration list for PBXNativeTarget "PencilKitAppUITests" */ = {
			isa = XCConfigurationList;
			buildConfigurations = (
				DBFB75EB2D95261D0020BDAA /* Debug */,
				DBFB75EC2D95261D0020BDAA /* Release */,
			);
			defaultConfigurationIsVisible = 0;
			defaultConfigurationName = Release;
		};
/* End XCConfigurationList section */
	};
	rootObject = DBFB75B82D95261C0020BDAA /* Project object */;
}
